
Microsoft Visual Studio Solution File, Format Version 12.00
# Visual Studio Version 17
VisualStudioVersion = 17.12.35527.113 d17.12
MinimumVisualStudioVersion = 10.0.40219.1
Project("{FAE04EC0-301F-11D3-BF4B-00C04F79EFBC}") = "Баронов", "Баронов.csproj", "{B9FB5C04-FC96-40DC-BC72-6038C56AD365}"
EndProject
Project("{2150E333-8FDC-42A3-9474-1A3956D46DE8}") = "interfaces", "interfaces", "{B5987209-25F1-4733-B36E-117B8338044B}"
	ProjectSection(SolutionItems) = preProject
		IProduct.cs = IProduct.cs
		Window1.xaml.cs = Window1.xaml.cs
	EndProjectSection
EndProject
Project("{2150E333-8FDC-42A3-9474-1A3956D46DE8}") = "Resources", "Resources", "{FE2C83B1-B38A-4B94-BFCA-A0AFE88A354D}"
	ProjectSection(SolutionItems) = preProject
		..\..\..\Desktop\i.png = ..\..\..\Desktop\i.png
	EndProjectSection
EndProject
Project("{2150E333-8FDC-42A3-9474-1A3956D46DE8}") = "Logic", "Logic", "{13329DCD-9013-4F65-BE86-E23013A0C7FE}"
	ProjectSection(SolutionItems) = preProject
		..\..\..\Desktop\AuthService.cs = ..\..\..\Desktop\AuthService.cs
		..\..\..\Desktop\Product.cs = ..\..\..\Desktop\Product.cs
	EndProjectSection
EndProject
Project("{2150E333-8FDC-42A3-9474-1A3956D46DE8}") = "Model", "Model", "{2F0633B9-C7C7-4241-B364-15BDC619E282}"
	ProjectSection(SolutionItems) = preProject
		..\..\..\Desktop\Model\User.cs = ..\..\..\Desktop\Model\User.cs
	EndProjectSection
EndProject
Global
	GlobalSection(SolutionConfigurationPlatforms) = preSolution
		Debug|Any CPU = Debug|Any CPU
		Release|Any CPU = Release|Any CPU
	EndGlobalSection
	GlobalSection(ProjectConfigurationPlatforms) = postSolution
		{B9FB5C04-FC96-40DC-BC72-6038C56AD365}.Debug|Any CPU.ActiveCfg = Debug|Any CPU
		{B9FB5C04-FC96-40DC-BC72-6038C56AD365}.Debug|Any CPU.Build.0 = Debug|Any CPU
		{B9FB5C04-FC96-40DC-BC72-6038C56AD365}.Release|Any CPU.ActiveCfg = Release|Any CPU
		{B9FB5C04-FC96-40DC-BC72-6038C56AD365}.Release|Any CPU.Build.0 = Release|Any CPU
	EndGlobalSection
	GlobalSection(SolutionProperties) = preSolution
		HideSolutionNode = FALSE
	EndGlobalSection
EndGlobal
